
Microsoft Visual Studio Solution File, Format Version 12.00
# Visual Studio Version 17
VisualStudioVersion = 17.4.33213.308
MinimumVisualStudioVersion = 10.0.40219.1
Project("{FAE04EC0-301F-11D3-BF4B-00C04F79EFBC}") = "Consultas_Linq", "Consultas_Linq.csproj", "{02757421-F63A-4185-A233-9ED021EDEDBA}"
EndProject
Global
	GlobalSection(SolutionConfigurationPlatforms) = preSolution
		Debug|Any CPU = Debug|Any CPU
		Release|Any CPU = Release|Any CPU
	EndGlobalSection
	GlobalSection(ProjectConfigurationPlatforms) = postSolution
		{02757421-F63A-4185-A233-9ED021EDEDBA}.Debug|Any CPU.ActiveCfg = Debug|Any CPU
		{02757421-F63A-4185-A233-9ED021EDEDBA}.Debug|Any CPU.Build.0 = Debug|Any CPU
		{02757421-F63A-4185-A233-9ED021EDEDBA}.Release|Any CPU.ActiveCfg = Release|Any CPU
		{02757421-F63A-4185-A233-9ED021EDEDBA}.Release|Any CPU.Build.0 = Release|Any CPU
	EndGlobalSection
	GlobalSection(SolutionProperties) = preSolution
		HideSolutionNode = FALSE
	EndGlobalSection
	GlobalSection(ExtensibilityGlobals) = postSolution
		SolutionGuid = {14B92711-42D7-49E0-A43E-CE3A2A3680C7}
	EndGlobalSection
EndGlobal
